// !$*UTF8*$!
{
	archiveVersion = 1;
	classes = {
	};
	objectVersion = 56;
	objects = {

/* Begin PBXBuildFile section */
		17B3F7A12BDA2C2200984B8C /* AppDelegate.swift in Sources */ = {isa = PBXBuildFile; fileRef = 17B3F7A02BDA2C2200984B8C /* AppDelegate.swift */; };
		17B3F7A32BDA2C2200984B8C /* SceneDelegate.swift in Sources */ = {isa = PBXBuildFile; fileRef = 17B3F7A22BDA2C2200984B8C /* SceneDelegate.swift */; };
		17B3F7A52BDA2C2200984B8C /* ViewController.swift in Sources */ = {isa = PBXBuildFile; fileRef = 17B3F7A42BDA2C2200984B8C /* ViewController.swift */; };
		17B3F7AB2BDA2C2200984B8C /* getirFinalCase.xcdatamodeld in Sources */ = {isa = PBXBuildFile; fileRef = 17B3F7A92BDA2C2200984B8C /* getirFinalCase.xcdatamodeld */; };
		17B3F7AD2BDA2C2300984B8C /* Assets.xcassets in Resources */ = {isa = PBXBuildFile; fileRef = 17B3F7AC2BDA2C2300984B8C /* Assets.xcassets */; };
		17B3F7B02BDA2C2300984B8C /* LaunchScreen.storyboard in Resources */ = {isa = PBXBuildFile; fileRef = 17B3F7AE2BDA2C2300984B8C /* LaunchScreen.storyboard */; };
		17B3F7BA2BDA2DD700984B8C /* SplashViewController.swift in Sources */ = {isa = PBXBuildFile; fileRef = 17B3F7B92BDA2DD700984B8C /* SplashViewController.swift */; };
		17B3F7BC2BDA2DFC00984B8C /* SplashRouter.swift in Sources */ = {isa = PBXBuildFile; fileRef = 17B3F7BB2BDA2DFC00984B8C /* SplashRouter.swift */; };
		17B3F7BE2BDA2E1700984B8C /* SplashInteractor.swift in Sources */ = {isa = PBXBuildFile; fileRef = 17B3F7BD2BDA2E1700984B8C /* SplashInteractor.swift */; };
		17B3F7C02BDA2E3100984B8C /* SplashPresenter.swift in Sources */ = {isa = PBXBuildFile; fileRef = 17B3F7BF2BDA2E3100984B8C /* SplashPresenter.swift */; };
		17B3F7C32BDA2E6200984B8C /* BaseViewController.swift in Sources */ = {isa = PBXBuildFile; fileRef = 17B3F7C22BDA2E6200984B8C /* BaseViewController.swift */; };
		17B3F7C62BDA2E9200984B8C /* ProductListEntity.swift in Sources */ = {isa = PBXBuildFile; fileRef = 17B3F7C52BDA2E9200984B8C /* ProductListEntity.swift */; };
		17B3F7C82BDA2EC100984B8C /* ProductListInteractor.swift in Sources */ = {isa = PBXBuildFile; fileRef = 17B3F7C72BDA2EC100984B8C /* ProductListInteractor.swift */; };
		17B3F7CA2BDA2ED500984B8C /* ProductListPresenter.swift in Sources */ = {isa = PBXBuildFile; fileRef = 17B3F7C92BDA2ED500984B8C /* ProductListPresenter.swift */; };
		17B3F7CC2BDA2EEB00984B8C /* ProductListRouter.swift in Sources */ = {isa = PBXBuildFile; fileRef = 17B3F7CB2BDA2EEB00984B8C /* ProductListRouter.swift */; };
		17B3F7CE2BDA2F0300984B8C /* NavAppearence.swift in Sources */ = {isa = PBXBuildFile; fileRef = 17B3F7CD2BDA2F0300984B8C /* NavAppearence.swift */; };
		17B3F7D12BDA2F2000984B8C /* ProductCell.swift in Sources */ = {isa = PBXBuildFile; fileRef = 17B3F7D02BDA2F2000984B8C /* ProductCell.swift */; };
		17B3F7D42BDA2F4700984B8C /* ProductDetailEntity.swift in Sources */ = {isa = PBXBuildFile; fileRef = 17B3F7D32BDA2F4700984B8C /* ProductDetailEntity.swift */; };
		17B3F7D62BDA2F5200984B8C /* ProductDetailInteractor.swift in Sources */ = {isa = PBXBuildFile; fileRef = 17B3F7D52BDA2F5200984B8C /* ProductDetailInteractor.swift */; };
		17B3F7D82BDA2F5D00984B8C /* ProductDetailPresenter.swift in Sources */ = {isa = PBXBuildFile; fileRef = 17B3F7D72BDA2F5D00984B8C /* ProductDetailPresenter.swift */; };
		17B3F7DA2BDA2F6700984B8C /* ProductDetailRouter.swift in Sources */ = {isa = PBXBuildFile; fileRef = 17B3F7D92BDA2F6700984B8C /* ProductDetailRouter.swift */; };
		17B3F7DC2BDA2F7200984B8C /* ProductDetailView.swift in Sources */ = {isa = PBXBuildFile; fileRef = 17B3F7DB2BDA2F7200984B8C /* ProductDetailView.swift */; };
		17B3F7DF2BDA2FC000984B8C /* CardEntity.swift in Sources */ = {isa = PBXBuildFile; fileRef = 17B3F7DE2BDA2FC000984B8C /* CardEntity.swift */; };
		17B3F7E12BDA2FCC00984B8C /* CardInteractor.swift in Sources */ = {isa = PBXBuildFile; fileRef = 17B3F7E02BDA2FCC00984B8C /* CardInteractor.swift */; };
		17B3F7E32BDA2FD400984B8C /* CardPresenter.swift in Sources */ = {isa = PBXBuildFile; fileRef = 17B3F7E22BDA2FD400984B8C /* CardPresenter.swift */; };
		17B3F7E52BDA2FDC00984B8C /* CardRouter.swift in Sources */ = {isa = PBXBuildFile; fileRef = 17B3F7E42BDA2FDC00984B8C /* CardRouter.swift */; };
		17B3F7E72BDA2FE800984B8C /* CardViewController.swift in Sources */ = {isa = PBXBuildFile; fileRef = 17B3F7E62BDA2FE800984B8C /* CardViewController.swift */; };
		17B3F7EA2BDA2FFB00984B8C /* CardCell.swift in Sources */ = {isa = PBXBuildFile; fileRef = 17B3F7E92BDA2FFB00984B8C /* CardCell.swift */; };
		17B3F7EC2BDA300E00984B8C /* CardCollectionCell.swift in Sources */ = {isa = PBXBuildFile; fileRef = 17B3F7EB2BDA300E00984B8C /* CardCollectionCell.swift */; };
/* End PBXBuildFile section */

/* Begin PBXFileReference section */
		17B3F79D2BDA2C2200984B8C /* getirFinalCase.app */ = {isa = PBXFileReference; explicitFileType = wrapper.application; includeInIndex = 0; path = getirFinalCase.app; sourceTree = BUILT_PRODUCTS_DIR; };
		17B3F7A02BDA2C2200984B8C /* AppDelegate.swift */ = {isa = PBXFileReference; lastKnownFileType = sourcecode.swift; path = AppDelegate.swift; sourceTree = "<group>"; };
		17B3F7A22BDA2C2200984B8C /* SceneDelegate.swift */ = {isa = PBXFileReference; lastKnownFileType = sourcecode.swift; path = SceneDelegate.swift; sourceTree = "<group>"; };
		17B3F7A42BDA2C2200984B8C /* ViewController.swift */ = {isa = PBXFileReference; lastKnownFileType = sourcecode.swift; path = ViewController.swift; sourceTree = "<group>"; };
		17B3F7AA2BDA2C2200984B8C /* getirFinalCase.xcdatamodel */ = {isa = PBXFileReference; lastKnownFileType = wrapper.xcdatamodel; path = getirFinalCase.xcdatamodel; sourceTree = "<group>"; };
		17B3F7AC2BDA2C2300984B8C /* Assets.xcassets */ = {isa = PBXFileReference; lastKnownFileType = folder.assetcatalog; path = Assets.xcassets; sourceTree = "<group>"; };
		17B3F7AF2BDA2C2300984B8C /* Base */ = {isa = PBXFileReference; lastKnownFileType = file.storyboard; name = Base; path = Base.lproj/LaunchScreen.storyboard; sourceTree = "<group>"; };
		17B3F7B12BDA2C2300984B8C /* Info.plist */ = {isa = PBXFileReference; lastKnownFileType = text.plist.xml; path = Info.plist; sourceTree = "<group>"; };
		17B3F7B92BDA2DD700984B8C /* SplashViewController.swift */ = {isa = PBXFileReference; lastKnownFileType = sourcecode.swift; path = SplashViewController.swift; sourceTree = "<group>"; };
		17B3F7BB2BDA2DFC00984B8C /* SplashRouter.swift */ = {isa = PBXFileReference; lastKnownFileType = sourcecode.swift; path = SplashRouter.swift; sourceTree = "<group>"; };
		17B3F7BD2BDA2E1700984B8C /* SplashInteractor.swift */ = {isa = PBXFileReference; lastKnownFileType = sourcecode.swift; path = SplashInteractor.swift; sourceTree = "<group>"; };
		17B3F7BF2BDA2E3100984B8C /* SplashPresenter.swift */ = {isa = PBXFileReference; lastKnownFileType = sourcecode.swift; path = SplashPresenter.swift; sourceTree = "<group>"; };
		17B3F7C22BDA2E6200984B8C /* BaseViewController.swift */ = {isa = PBXFileReference; lastKnownFileType = sourcecode.swift; path = BaseViewController.swift; sourceTree = "<group>"; };
		17B3F7C52BDA2E9200984B8C /* ProductListEntity.swift */ = {isa = PBXFileReference; lastKnownFileType = sourcecode.swift; path = ProductListEntity.swift; sourceTree = "<group>"; };
		17B3F7C72BDA2EC100984B8C /* ProductListInteractor.swift */ = {isa = PBXFileReference; lastKnownFileType = sourcecode.swift; path = ProductListInteractor.swift; sourceTree = "<group>"; };
		17B3F7C92BDA2ED500984B8C /* ProductListPresenter.swift */ = {isa = PBXFileReference; lastKnownFileType = sourcecode.swift; path = ProductListPresenter.swift; sourceTree = "<group>"; };
		17B3F7CB2BDA2EEB00984B8C /* ProductListRouter.swift */ = {isa = PBXFileReference; lastKnownFileType = sourcecode.swift; path = ProductListRouter.swift; sourceTree = "<group>"; };
		17B3F7CD2BDA2F0300984B8C /* NavAppearence.swift */ = {isa = PBXFileReference; lastKnownFileType = sourcecode.swift; path = NavAppearence.swift; sourceTree = "<group>"; };
		17B3F7D02BDA2F2000984B8C /* ProductCell.swift */ = {isa = PBXFileReference; lastKnownFileType = sourcecode.swift; path = ProductCell.swift; sourceTree = "<group>"; };
		17B3F7D32BDA2F4700984B8C /* ProductDetailEntity.swift */ = {isa = PBXFileReference; lastKnownFileType = sourcecode.swift; path = ProductDetailEntity.swift; sourceTree = "<group>"; };
		17B3F7D52BDA2F5200984B8C /* ProductDetailInteractor.swift */ = {isa = PBXFileReference; lastKnownFileType = sourcecode.swift; path = ProductDetailInteractor.swift; sourceTree = "<group>"; };
		17B3F7D72BDA2F5D00984B8C /* ProductDetailPresenter.swift */ = {isa = PBXFileReference; lastKnownFileType = sourcecode.swift; path = ProductDetailPresenter.swift; sourceTree = "<group>"; };
		17B3F7D92BDA2F6700984B8C /* ProductDetailRouter.swift */ = {isa = PBXFileReference; lastKnownFileType = sourcecode.swift; path = ProductDetailRouter.swift; sourceTree = "<group>"; };
		17B3F7DB2BDA2F7200984B8C /* ProductDetailView.swift */ = {isa = PBXFileReference; lastKnownFileType = sourcecode.swift; path = ProductDetailView.swift; sourceTree = "<group>"; };
		17B3F7DE2BDA2FC000984B8C /* CardEntity.swift */ = {isa = PBXFileReference; lastKnownFileType = sourcecode.swift; path = CardEntity.swift; sourceTree = "<group>"; };
		17B3F7E02BDA2FCC00984B8C /* CardInteractor.swift */ = {isa = PBXFileReference; lastKnownFileType = sourcecode.swift; path = CardInteractor.swift; sourceTree = "<group>"; };
		17B3F7E22BDA2FD400984B8C /* CardPresenter.swift */ = {isa = PBXFileReference; lastKnownFileType = sourcecode.swift; path = CardPresenter.swift; sourceTree = "<group>"; };
		17B3F7E42BDA2FDC00984B8C /* CardRouter.swift */ = {isa = PBXFileReference; lastKnownFileType = sourcecode.swift; path = CardRouter.swift; sourceTree = "<group>"; };
		17B3F7E62BDA2FE800984B8C /* CardViewController.swift */ = {isa = PBXFileReference; lastKnownFileType = sourcecode.swift; path = CardViewController.swift; sourceTree = "<group>"; };
		17B3F7E92BDA2FFB00984B8C /* CardCell.swift */ = {isa = PBXFileReference; lastKnownFileType = sourcecode.swift; path = CardCell.swift; sourceTree = "<group>"; };
		17B3F7EB2BDA300E00984B8C /* CardCollectionCell.swift */ = {isa = PBXFileReference; lastKnownFileType = sourcecode.swift; path = CardCollectionCell.swift; sourceTree = "<group>"; };
/* End PBXFileReference section */

/* Begin PBXFrameworksBuildPhase section */
		17B3F79A2BDA2C2200984B8C /* Frameworks */ = {
			isa = PBXFrameworksBuildPhase;
			buildActionMask = 2147483647;
			files = (
			);
			runOnlyForDeploymentPostprocessing = 0;
		};
/* End PBXFrameworksBuildPhase section */

/* Begin PBXGroup section */
		17B3F7942BDA2C2200984B8C = {
			isa = PBXGroup;
			children = (
				17B3F79F2BDA2C2200984B8C /* getirFinalCase */,
				17B3F79E2BDA2C2200984B8C /* Products */,
			);
			sourceTree = "<group>";
		};
		17B3F79E2BDA2C2200984B8C /* Products */ = {
			isa = PBXGroup;
			children = (
				17B3F79D2BDA2C2200984B8C /* getirFinalCase.app */,
			);
			name = Products;
			sourceTree = "<group>";
		};
		17B3F79F2BDA2C2200984B8C /* getirFinalCase */ = {
			isa = PBXGroup;
			children = (
				17B3F7B72BDA2CFE00984B8C /* Module */,
				17B3F7A02BDA2C2200984B8C /* AppDelegate.swift */,
				17B3F7A22BDA2C2200984B8C /* SceneDelegate.swift */,
				17B3F7AC2BDA2C2300984B8C /* Assets.xcassets */,
				17B3F7AE2BDA2C2300984B8C /* LaunchScreen.storyboard */,
				17B3F7B12BDA2C2300984B8C /* Info.plist */,
				17B3F7A92BDA2C2200984B8C /* getirFinalCase.xcdatamodeld */,
			);
			path = getirFinalCase;
			sourceTree = "<group>";
		};
		17B3F7B72BDA2CFE00984B8C /* Module */ = {
			isa = PBXGroup;
			children = (
				17B3F7DD2BDA2FA800984B8C /* CardScreen */,
				17B3F7D22BDA2F3600984B8C /* ProductDetail */,
				17B3F7C42BDA2E7600984B8C /* ProductList */,
				17B3F7C12BDA2E4500984B8C /* Base */,
				17B3F7B82BDA2D0900984B8C /* SplashScreen */,
			);
			path = Module;
			sourceTree = "<group>";
		};
		17B3F7B82BDA2D0900984B8C /* SplashScreen */ = {
			isa = PBXGroup;
			children = (
				17B3F7B92BDA2DD700984B8C /* SplashViewController.swift */,
				17B3F7BB2BDA2DFC00984B8C /* SplashRouter.swift */,
				17B3F7BD2BDA2E1700984B8C /* SplashInteractor.swift */,
				17B3F7BF2BDA2E3100984B8C /* SplashPresenter.swift */,
			);
			path = SplashScreen;
			sourceTree = "<group>";
		};
		17B3F7C12BDA2E4500984B8C /* Base */ = {
			isa = PBXGroup;
			children = (
				17B3F7C22BDA2E6200984B8C /* BaseViewController.swift */,
			);
			path = Base;
			sourceTree = "<group>";
		};
		17B3F7C42BDA2E7600984B8C /* ProductList */ = {
			isa = PBXGroup;
			children = (
				17B3F7CF2BDA2F0E00984B8C /* Cell */,
				17B3F7C52BDA2E9200984B8C /* ProductListEntity.swift */,
				17B3F7A42BDA2C2200984B8C /* ViewController.swift */,
				17B3F7C72BDA2EC100984B8C /* ProductListInteractor.swift */,
				17B3F7C92BDA2ED500984B8C /* ProductListPresenter.swift */,
				17B3F7CB2BDA2EEB00984B8C /* ProductListRouter.swift */,
				17B3F7CD2BDA2F0300984B8C /* NavAppearence.swift */,
			);
			path = ProductList;
			sourceTree = "<group>";
		};
		17B3F7CF2BDA2F0E00984B8C /* Cell */ = {
			isa = PBXGroup;
			children = (
				17B3F7D02BDA2F2000984B8C /* ProductCell.swift */,
			);
			path = Cell;
			sourceTree = "<group>";
		};
		17B3F7D22BDA2F3600984B8C /* ProductDetail */ = {
			isa = PBXGroup;
			children = (
				17B3F7D32BDA2F4700984B8C /* ProductDetailEntity.swift */,
				17B3F7D52BDA2F5200984B8C /* ProductDetailInteractor.swift */,
				17B3F7D72BDA2F5D00984B8C /* ProductDetailPresenter.swift */,
				17B3F7D92BDA2F6700984B8C /* ProductDetailRouter.swift */,
				17B3F7DB2BDA2F7200984B8C /* ProductDetailView.swift */,
			);
			path = ProductDetail;
			sourceTree = "<group>";
		};
		17B3F7DD2BDA2FA800984B8C /* CardScreen */ = {
			isa = PBXGroup;
			children = (
				17B3F7E82BDA2FEC00984B8C /* Cell */,
				17B3F7DE2BDA2FC000984B8C /* CardEntity.swift */,
				17B3F7E02BDA2FCC00984B8C /* CardInteractor.swift */,
				17B3F7E22BDA2FD400984B8C /* CardPresenter.swift */,
				17B3F7E42BDA2FDC00984B8C /* CardRouter.swift */,
				17B3F7E62BDA2FE800984B8C /* CardViewController.swift */,
			);
			path = CardScreen;
			sourceTree = "<group>";
		};
		17B3F7E82BDA2FEC00984B8C /* Cell */ = {
			isa = PBXGroup;
			children = (
				17B3F7E92BDA2FFB00984B8C /* CardCell.swift */,
				17B3F7EB2BDA300E00984B8C /* CardCollectionCell.swift */,
			);
			path = Cell;
			sourceTree = "<group>";
		};
/* End PBXGroup section */

/* Begin PBXNativeTarget section */
		17B3F79C2BDA2C2200984B8C /* getirFinalCase */ = {
			isa = PBXNativeTarget;
			buildConfigurationList = 17B3F7B42BDA2C2300984B8C /* Build configuration list for PBXNativeTarget "getirFinalCase" */;
			buildPhases = (
				17B3F7992BDA2C2200984B8C /* Sources */,
				17B3F79A2BDA2C2200984B8C /* Frameworks */,
				17B3F79B2BDA2C2200984B8C /* Resources */,
			);
			buildRules = (
			);
			dependencies = (
			);
			name = getirFinalCase;
			productName = getirFinalCase;
			productReference = 17B3F79D2BDA2C2200984B8C /* getirFinalCase.app */;
			productType = "com.apple.product-type.application";
		};
/* End PBXNativeTarget section */

/* Begin PBXProject section */
		17B3F7952BDA2C2200984B8C /* Project object */ = {
			isa = PBXProject;
			attributes = {
				BuildIndependentTargetsInParallel = 1;
				LastSwiftUpdateCheck = 1520;
				LastUpgradeCheck = 1520;
				TargetAttributes = {
					17B3F79C2BDA2C2200984B8C = {
						CreatedOnToolsVersion = 15.2;
					};
				};
			};
			buildConfigurationList = 17B3F7982BDA2C2200984B8C /* Build configuration list for PBXProject "getirFinalCase" */;
			compatibilityVersion = "Xcode 14.0";
			developmentRegion = en;
			hasScannedForEncodings = 0;
			knownRegions = (
				en,
				Base,
			);
			mainGroup = 17B3F7942BDA2C2200984B8C;
			productRefGroup = 17B3F79E2BDA2C2200984B8C /* Products */;
			projectDirPath = "";
			projectRoot = "";
			targets = (
				17B3F79C2BDA2C2200984B8C /* getirFinalCase */,
			);
		};
/* End PBXProject section */

/* Begin PBXResourcesBuildPhase section */
		17B3F79B2BDA2C2200984B8C /* Resources */ = {
			isa = PBXResourcesBuildPhase;
			buildActionMask = 2147483647;
			files = (
				17B3F7B02BDA2C2300984B8C /* LaunchScreen.storyboard in Resources */,
				17B3F7AD2BDA2C2300984B8C /* Assets.xcassets in Resources */,
			);
			runOnlyForDeploymentPostprocessing = 0;
		};
/* End PBXResourcesBuildPhase section */

/* Begin PBXSourcesBuildPhase section */
		17B3F7992BDA2C2200984B8C /* Sources */ = {
			isa = PBXSourcesBuildPhase;
			buildActionMask = 2147483647;
			files = (
				17B3F7AB2BDA2C2200984B8C /* getirFinalCase.xcdatamodeld in Sources */,
				17B3F7DF2BDA2FC000984B8C /* CardEntity.swift in Sources */,
				17B3F7DC2BDA2F7200984B8C /* ProductDetailView.swift in Sources */,
				17B3F7E72BDA2FE800984B8C /* CardViewController.swift in Sources */,
				17B3F7D82BDA2F5D00984B8C /* ProductDetailPresenter.swift in Sources */,
				17B3F7BE2BDA2E1700984B8C /* SplashInteractor.swift in Sources */,
				17B3F7BC2BDA2DFC00984B8C /* SplashRouter.swift in Sources */,
				17B3F7D62BDA2F5200984B8C /* ProductDetailInteractor.swift in Sources */,
				17B3F7C02BDA2E3100984B8C /* SplashPresenter.swift in Sources */,
				17B3F7A52BDA2C2200984B8C /* ViewController.swift in Sources */,
				17B3F7D42BDA2F4700984B8C /* ProductDetailEntity.swift in Sources */,
				17B3F7EA2BDA2FFB00984B8C /* CardCell.swift in Sources */,
				17B3F7E32BDA2FD400984B8C /* CardPresenter.swift in Sources */,
				17B3F7E12BDA2FCC00984B8C /* CardInteractor.swift in Sources */,
				17B3F7C82BDA2EC100984B8C /* ProductListInteractor.swift in Sources */,
				17B3F7C32BDA2E6200984B8C /* BaseViewController.swift in Sources */,
				17B3F7CE2BDA2F0300984B8C /* NavAppearence.swift in Sources */,
				17B3F7A12BDA2C2200984B8C /* AppDelegate.swift in Sources */,
				17B3F7DA2BDA2F6700984B8C /* ProductDetailRouter.swift in Sources */,
				17B3F7EC2BDA300E00984B8C /* CardCollectionCell.swift in Sources */,
				17B3F7A32BDA2C2200984B8C /* SceneDelegate.swift in Sources */,
				17B3F7C62BDA2E9200984B8C /* ProductListEntity.swift in Sources */,
				17B3F7CA2BDA2ED500984B8C /* ProductListPresenter.swift in Sources */,
				17B3F7D12BDA2F2000984B8C /* ProductCell.swift in Sources */,
				17B3F7CC2BDA2EEB00984B8C /* ProductListRouter.swift in Sources */,
				17B3F7E52BDA2FDC00984B8C /* CardRouter.swift in Sources */,
				17B3F7BA2BDA2DD700984B8C /* SplashViewController.swift in Sources */,
			);
			runOnlyForDeploymentPostprocessing = 0;
		};
/* End PBXSourcesBuildPhase section */

/* Begin PBXVariantGroup section */
		17B3F7AE2BDA2C2300984B8C /* LaunchScreen.storyboard */ = {
			isa = PBXVariantGroup;
			children = (
				17B3F7AF2BDA2C2300984B8C /* Base */,
			);
			name = LaunchScreen.storyboard;
			sourceTree = "<group>";
		};
/* End PBXVariantGroup section */

/* Begin XCBuildConfiguration section */
		17B3F7B22BDA2C2300984B8C /* Debug */ = {
			isa = XCBuildConfiguration;
			buildSettings = {
				ALWAYS_SEARCH_USER_PATHS = NO;
				ASSETCATALOG_COMPILER_GENERATE_SWIFT_ASSET_SYMBOL_EXTENSIONS = YES;
				CLANG_ANALYZER_NONNULL = YES;
				CLANG_ANALYZER_NUMBER_OBJECT_CONVERSION = YES_AGGRESSIVE;
				CLANG_CXX_LANGUAGE_STANDARD = "gnu++20";
				CLANG_ENABLE_MODULES = YES;
				CLANG_ENABLE_OBJC_ARC = YES;
				CLANG_ENABLE_OBJC_WEAK = YES;
				CLANG_WARN_BLOCK_CAPTURE_AUTORELEASING = YES;
				CLANG_WARN_BOOL_CONVERSION = YES;
				CLANG_WARN_COMMA = YES;
				CLANG_WARN_CONSTANT_CONVERSION = YES;
				CLANG_WARN_DEPRECATED_OBJC_IMPLEMENTATIONS = YES;
				CLANG_WARN_DIRECT_OBJC_ISA_USAGE = YES_ERROR;
				CLANG_WARN_DOCUMENTATION_COMMENTS = YES;
				CLANG_WARN_EMPTY_BODY = YES;
				CLANG_WARN_ENUM_CONVERSION = YES;
				CLANG_WARN_INFINITE_RECURSION = YES;
				CLANG_WARN_INT_CONVERSION = YES;
				CLANG_WARN_NON_LITERAL_NULL_CONVERSION = YES;
				CLANG_WARN_OBJC_IMPLICIT_RETAIN_SELF = YES;
				CLANG_WARN_OBJC_LITERAL_CONVERSION = YES;
				CLANG_WARN_OBJC_ROOT_CLASS = YES_ERROR;
				CLANG_WARN_QUOTED_INCLUDE_IN_FRAMEWORK_HEADER = YES;
				CLANG_WARN_RANGE_LOOP_ANALYSIS = YES;
				CLANG_WARN_STRICT_PROTOTYPES = YES;
				CLANG_WARN_SUSPICIOUS_MOVE = YES;
				CLANG_WARN_UNGUARDED_AVAILABILITY = YES_AGGRESSIVE;
				CLANG_WARN_UNREACHABLE_CODE = YES;
				CLANG_WARN__DUPLICATE_METHOD_MATCH = YES;
				COPY_PHASE_STRIP = NO;
				DEBUG_INFORMATION_FORMAT = dwarf;
				ENABLE_STRICT_OBJC_MSGSEND = YES;
				ENABLE_TESTABILITY = YES;
				ENABLE_USER_SCRIPT_SANDBOXING = YES;
				GCC_C_LANGUAGE_STANDARD = gnu17;
				GCC_DYNAMIC_NO_PIC = NO;
				GCC_NO_COMMON_BLOCKS = YES;
				GCC_OPTIMIZATION_LEVEL = 0;
				GCC_PREPROCESSOR_DEFINITIONS = (
					"DEBUG=1",
					"$(inherited)",
				);
				GCC_WARN_64_TO_32_BIT_CONVERSION = YES;
				GCC_WARN_ABOUT_RETURN_TYPE = YES_ERROR;
				GCC_WARN_UNDECLARED_SELECTOR = YES;
				GCC_WARN_UNINITIALIZED_AUTOS = YES_AGGRESSIVE;
				GCC_WARN_UNUSED_FUNCTION = YES;
				GCC_WARN_UNUSED_VARIABLE = YES;
				IPHONEOS_DEPLOYMENT_TARGET = 17.2;
				LOCALIZATION_PREFERS_STRING_CATALOGS = YES;
				MTL_ENABLE_DEBUG_INFO = INCLUDE_SOURCE;
				MTL_FAST_MATH = YES;
				ONLY_ACTIVE_ARCH = YES;
				SDKROOT = iphoneos;
				SWIFT_ACTIVE_COMPILATION_CONDITIONS = "DEBUG $(inherited)";
				SWIFT_OPTIMIZATION_LEVEL = "-Onone";
			};
			name = Debug;
		};
		17B3F7B32BDA2C2300984B8C /* Release */ = {
			isa = XCBuildConfiguration;
			buildSettings = {
				ALWAYS_SEARCH_USER_PATHS = NO;
				ASSETCATALOG_COMPILER_GENERATE_SWIFT_ASSET_SYMBOL_EXTENSIONS = YES;
				CLANG_ANALYZER_NONNULL = YES;
				CLANG_ANALYZER_NUMBER_OBJECT_CONVERSION = YES_AGGRESSIVE;
				CLANG_CXX_LANGUAGE_STANDARD = "gnu++20";
				CLANG_ENABLE_MODULES = YES;
				CLANG_ENABLE_OBJC_ARC = YES;
				CLANG_ENABLE_OBJC_WEAK = YES;
				CLANG_WARN_BLOCK_CAPTURE_AUTORELEASING = YES;
				CLANG_WARN_BOOL_CONVERSION = YES;
				CLANG_WARN_COMMA = YES;
				CLANG_WARN_CONSTANT_CONVERSION = YES;
				CLANG_WARN_DEPRECATED_OBJC_IMPLEMENTATIONS = YES;
				CLANG_WARN_DIRECT_OBJC_ISA_USAGE = YES_ERROR;
				CLANG_WARN_DOCUMENTATION_COMMENTS = YES;
				CLANG_WARN_EMPTY_BODY = YES;
				CLANG_WARN_ENUM_CONVERSION = YES;
				CLANG_WARN_INFINITE_RECURSION = YES;
				CLANG_WARN_INT_CONVERSION = YES;
				CLANG_WARN_NON_LITERAL_NULL_CONVERSION = YES;
				CLANG_WARN_OBJC_IMPLICIT_RETAIN_SELF = YES;
				CLANG_WARN_OBJC_LITERAL_CONVERSION = YES;
				CLANG_WARN_OBJC_ROOT_CLASS = YES_ERROR;
				CLANG_WARN_QUOTED_INCLUDE_IN_FRAMEWORK_HEADER = YES;
				CLANG_WARN_RANGE_LOOP_ANALYSIS = YES;
				CLANG_WARN_STRICT_PROTOTYPES = YES;
				CLANG_WARN_SUSPICIOUS_MOVE = YES;
				CLANG_WARN_UNGUARDED_AVAILABILITY = YES_AGGRESSIVE;
				CLANG_WARN_UNREACHABLE_CODE = YES;
				CLANG_WARN__DUPLICATE_METHOD_MATCH = YES;
				COPY_PHASE_STRIP = NO;
				DEBUG_INFORMATION_FORMAT = "dwarf-with-dsym";
				ENABLE_NS_ASSERTIONS = NO;
				ENABLE_STRICT_OBJC_MSGSEND = YES;
				ENABLE_USER_SCRIPT_SANDBOXING = YES;
				GCC_C_LANGUAGE_STANDARD = gnu17;
				GCC_NO_COMMON_BLOCKS = YES;
				GCC_WARN_64_TO_32_BIT_CONVERSION = YES;
				GCC_WARN_ABOUT_RETURN_TYPE = YES_ERROR;
				GCC_WARN_UNDECLARED_SELECTOR = YES;
				GCC_WARN_UNINITIALIZED_AUTOS = YES_AGGRESSIVE;
				GCC_WARN_UNUSED_FUNCTION = YES;
				GCC_WARN_UNUSED_VARIABLE = YES;
				IPHONEOS_DEPLOYMENT_TARGET = 17.2;
				LOCALIZATION_PREFERS_STRING_CATALOGS = YES;
				MTL_ENABLE_DEBUG_INFO = NO;
				MTL_FAST_MATH = YES;
				SDKROOT = iphoneos;
				SWIFT_COMPILATION_MODE = wholemodule;
				VALIDATE_PRODUCT = YES;
			};
			name = Release;
		};
		17B3F7B52BDA2C2300984B8C /* Debug */ = {
			isa = XCBuildConfiguration;
			buildSettings = {
				ASSETCATALOG_COMPILER_APPICON_NAME = AppIcon;
				ASSETCATALOG_COMPILER_GLOBAL_ACCENT_COLOR_NAME = AccentColor;
				CODE_SIGN_STYLE = Automatic;
				CURRENT_PROJECT_VERSION = 1;
				GENERATE_INFOPLIST_FILE = YES;
				INFOPLIST_FILE = getirFinalCase/Info.plist;
				INFOPLIST_KEY_UIApplicationSupportsIndirectInputEvents = YES;
				INFOPLIST_KEY_UILaunchStoryboardName = LaunchScreen;
				INFOPLIST_KEY_UISupportedInterfaceOrientations_iPad = "UIInterfaceOrientationPortrait UIInterfaceOrientationPortraitUpsideDown UIInterfaceOrientationLandscapeLeft UIInterfaceOrientationLandscapeRight";
				INFOPLIST_KEY_UISupportedInterfaceOrientations_iPhone = "UIInterfaceOrientationPortrait UIInterfaceOrientationLandscapeLeft UIInterfaceOrientationLandscapeRight";
				LD_RUNPATH_SEARCH_PATHS = (
					"$(inherited)",
					"@executable_path/Frameworks",
				);
				MARKETING_VERSION = 1.0;
				PRODUCT_BUNDLE_IDENTIFIER = pinar.getirFinalCase;
				PRODUCT_NAME = "$(TARGET_NAME)";
				SWIFT_EMIT_LOC_STRINGS = YES;
				SWIFT_VERSION = 5.0;
				TARGETED_DEVICE_FAMILY = "1,2";
			};
			name = Debug;
		};
		17B3F7B62BDA2C2300984B8C /* Release */ = {
			isa = XCBuildConfiguration;
			buildSettings = {
				ASSETCATALOG_COMPILER_APPICON_NAME = AppIcon;
				ASSETCATALOG_COMPILER_GLOBAL_ACCENT_COLOR_NAME = AccentColor;
				CODE_SIGN_STYLE = Automatic;
				CURRENT_PROJECT_VERSION = 1;
				GENERATE_INFOPLIST_FILE = YES;
				INFOPLIST_FILE = getirFinalCase/Info.plist;
				INFOPLIST_KEY_UIApplicationSupportsIndirectInputEvents = YES;
				INFOPLIST_KEY_UILaunchStoryboardName = LaunchScreen;
				INFOPLIST_KEY_UISupportedInterfaceOrientations_iPad = "UIInterfaceOrientationPortrait UIInterfaceOrientationPortraitUpsideDown UIInterfaceOrientationLandscapeLeft UIInterfaceOrientationLandscapeRight";
				INFOPLIST_KEY_UISupportedInterfaceOrientations_iPhone = "UIInterfaceOrientationPortrait UIInterfaceOrientationLandscapeLeft UIInterfaceOrientationLandscapeRight";
				LD_RUNPATH_SEARCH_PATHS = (
					"$(inherited)",
					"@executable_path/Frameworks",
				);
				MARKETING_VERSION = 1.0;
				PRODUCT_BUNDLE_IDENTIFIER = pinar.getirFinalCase;
				PRODUCT_NAME = "$(TARGET_NAME)";
				SWIFT_EMIT_LOC_STRINGS = YES;
				SWIFT_VERSION = 5.0;
				TARGETED_DEVICE_FAMILY = "1,2";
			};
			name = Release;
		};
/* End XCBuildConfiguration section */

/* Begin XCConfigurationList section */
		17B3F7982BDA2C2200984B8C /* Build configuration list for PBXProject "getirFinalCase" */ = {
			isa = XCConfigurationList;
			buildConfigurations = (
				17B3F7B22BDA2C2300984B8C /* Debug */,
				17B3F7B32BDA2C2300984B8C /* Release */,
			);
			defaultConfigurationIsVisible = 0;
			defaultConfigurationName = Release;
		};
		17B3F7B42BDA2C2300984B8C /* Build configuration list for PBXNativeTarget "getirFinalCase" */ = {
			isa = XCConfigurationList;
			buildConfigurations = (
				17B3F7B52BDA2C2300984B8C /* Debug */,
				17B3F7B62BDA2C2300984B8C /* Release */,
			);
			defaultConfigurationIsVisible = 0;
			defaultConfigurationName = Release;
		};
/* End XCConfigurationList section */

/* Begin XCVersionGroup section */
		17B3F7A92BDA2C2200984B8C /* getirFinalCase.xcdatamodeld */ = {
			isa = XCVersionGroup;
			children = (
				17B3F7AA2BDA2C2200984B8C /* getirFinalCase.xcdatamodel */,
			);
			currentVersion = 17B3F7AA2BDA2C2200984B8C /* getirFinalCase.xcdatamodel */;
			path = getirFinalCase.xcdatamodeld;
			sourceTree = "<group>";
			versionGroupType = wrapper.xcdatamodel;
		};
/* End XCVersionGroup section */
	};
	rootObject = 17B3F7952BDA2C2200984B8C /* Project object */;
}
